speakeasyVersion: 1.561.0
sources:
    Screenshothis-OAS:
        sourceNamespace: screenshothis-oas
        sourceRevisionDigest: sha256:3eaeeb21532e65554103c325f9e3232fa6c413c52d39969682b98efa78296086
        sourceBlobDigest: sha256:18737c0f3c083d84946e0096ea223f8d502f97402b1b8ebfd85f13833989783d
        tags:
            - latest
            - speakeasy-sdk-regen-1749759520
            - 1.0.0
    screenshothis-OAS:
        sourceNamespace: screenshothis-api
        sourceRevisionDigest: sha256:eabc582ad10512d28531a91c6569a72aab46c94459a3e36d45cba4a311b67cc1
        sourceBlobDigest: sha256:77a3316cfdbedfa157a50046f7d4ecd30df063e5e92518ade901b46b39a13633
        tags:
            - latest
targets:
    screenshothis:
        source: Screenshothis-OAS
        sourceNamespace: screenshothis-oas
        sourceRevisionDigest: sha256:3eaeeb21532e65554103c325f9e3232fa6c413c52d39969682b98efa78296086
        sourceBlobDigest: sha256:18737c0f3c083d84946e0096ea223f8d502f97402b1b8ebfd85f13833989783d
        codeSamplesNamespace: screenshothis-oas-php-code-samples
        codeSamplesRevisionDigest: sha256:a48dbdc667d78cbdba83799c5fd86a0c16d2bf743d9f59778bde4f15de7df6db
workflow:
    workflowVersion: 1.0.0
    speakeasyVersion: latest
    sources:
        Screenshothis-OAS:
            inputs:
                - location: https://api.screenshothis.com/openapi
            registry:
                location: registry.speakeasyapi.dev/danestves-llc/screenshothis/screenshothis-oas
    targets:
        screenshothis:
            target: php
            source: Screenshothis-OAS
            publish:
                packagist:
                    username: $packagist_username
                    token: $packagist_token
            codeSamples:
                output: codeSamples.yaml
                registry:
                    location: registry.speakeasyapi.dev/danestves-llc/screenshothis/screenshothis-oas-php-code-samples
                labelOverride:
                    fixedValue: PHP (SDK)
                blocking: false
