speakeasyVersion: 1.568.1
sources:
    Screenshothis-OAS:
        sourceNamespace: screenshothis-oas
        sourceRevisionDigest: sha256:fff0ba18406de7c78bae0fd50122c205acf36e0c9514b2e0ae1fd6c9370fa2ff
        sourceBlobDigest: sha256:6a2d9405b27587caf93ac42d2e3d514460acafde2dfd5df7b2c40226886b714e
        tags:
            - latest
            - speakeasy-sdk-regen-1749949473
            - 1.0.0
    screenshothis-OAS:
        sourceNamespace: screenshothis-api
        sourceRevisionDigest: sha256:eabc582ad10512d28531a91c6569a72aab46c94459a3e36d45cba4a311b67cc1
        sourceBlobDigest: sha256:77a3316cfdbedfa157a50046f7d4ecd30df063e5e92518ade901b46b39a13633
        tags:
            - latest
targets:
    screenshothis:
        source: Screenshothis-OAS
        sourceNamespace: screenshothis-oas
        sourceRevisionDigest: sha256:fff0ba18406de7c78bae0fd50122c205acf36e0c9514b2e0ae1fd6c9370fa2ff
        sourceBlobDigest: sha256:6a2d9405b27587caf93ac42d2e3d514460acafde2dfd5df7b2c40226886b714e
        codeSamplesNamespace: screenshothis-oas-php-code-samples
        codeSamplesRevisionDigest: sha256:3e1afcbb2d87072eb28f3f14f69ed42a924824262e2e3273a3198ddc20b1a60f
workflow:
    workflowVersion: 1.0.0
    speakeasyVersion: latest
    sources:
        Screenshothis-OAS:
            inputs:
                - location: https://api.screenshothis.com/openapi
            registry:
                location: registry.speakeasyapi.dev/danestves-llc/screenshothis/screenshothis-oas
    targets:
        screenshothis:
            target: php
            source: Screenshothis-OAS
            publish:
                packagist:
                    username: $packagist_username
                    token: $packagist_token
            codeSamples:
                output: codeSamples.yaml
                registry:
                    location: registry.speakeasyapi.dev/danestves-llc/screenshothis/screenshothis-oas-php-code-samples
                labelOverride:
                    fixedValue: PHP (SDK)
                blocking: false
